# THIS IS AN AUTOGENERATED FILE. DO NOT EDIT THIS FILE DIRECTLY.
# yarn lockfile v1


dotenv@^16.0.3:
  version "16.0.3"
  resolved "https://registry.yarnpkg.com/dotenv/-/dotenv-16.0.3.tgz#115aec42bac5053db3c456db30cc243a5a836a07"
  integrity sha512-7GO6HghkA5fYG9TYnNxi14/7K9f5occMlp3zXAuSxn7CKCxt9xbNWG7yF8hTCSUchlfWSe3uLmlPfigevRItzQ==

isomorphic.js@^0.2.4:
  version "0.2.5"
  resolved "https://registry.yarnpkg.com/isomorphic.js/-/isomorphic.js-0.2.5.tgz#13eecf36f2dba53e85d355e11bf9d4208c6f7f88"
  integrity sha512-PIeMbHqMt4DnUP3MA/Flc0HElYjMXArsw1qwJZcm9sqR8mq3l8NYizFMty0pWwE/tzIGH3EKK5+jes5mAr85yw==

lib0@^0.2.42, lib0@^0.2.52:
  version "0.2.66"
  resolved "https://registry.yarnpkg.com/lib0/-/lib0-0.2.66.tgz#791b21f825380fa7223ed074d26a45e34eaffda5"
  integrity sha512-h63Jt0nmFGmE4aXMPHUuRBpDgkdr1gfeVn+epJJ8m6+gPK0AozP6akJ8rp9IqBP8RC/peLi+pwaOx/qpgAvqgA==
  dependencies:
    isomorphic.js "^0.2.4"

lodash.debounce@^4.0.8:
  version "4.0.8"
  resolved "https://registry.yarnpkg.com/lodash.debounce/-/lodash.debounce-4.0.8.tgz#82d79bff30a67c4005ffd5e2515300ad9ca4d7af"
  integrity sha512-FT1yDzDYEoYWhnSGnpE/4Kj1fLZkDFyqRb7fNt6FdYOSxlUWAtp42Eh6Wb0rGIv/m9Bgo7x4GhQbm5Ys4SG5ow==

y-protocols@^1.0.5:
  version "1.0.5"
  resolved "https://registry.yarnpkg.com/y-protocols/-/y-protocols-1.0.5.tgz#91d574250060b29fcac8f8eb5e276fbad594245e"
  integrity sha512-Wil92b7cGk712lRHDqS4T90IczF6RkcvCwAD0A2OPg+adKmOe+nOiT/N2hvpQIWS3zfjmtL4CPaH5sIW1Hkm/A==
  dependencies:
    lib0 "^0.2.42"
